
Microsoft Visual Studio Solution File, Format Version 12.00
# Visual Studio Version 17
VisualStudioVersion = 17.0.31903.59
MinimumVisualStudioVersion = 10.0.40219.1
Project("{FAE04EC0-301F-11D3-BF4B-00C04F79EFBC}") = "Library.Domain", "Library.Domain\Library.Domain.csproj", "{09AE3283-1BCE-49FF-AE60-710399829864}"
EndProject
Project("{FAE04EC0-301F-11D3-BF4B-00C04F79EFBC}") = "Library.Application", "Library.Application\Library.Application.csproj", "{483F61B7-8DE3-4213-8AFA-80F990C7BFB9}"
EndProject
Project("{FAE04EC0-301F-11D3-BF4B-00C04F79EFBC}") = "Library.Infrastructure", "Library.Infrastructure\Library.Infrastructure.csproj", "{726717FD-89C8-41CC-9FB3-D8F707D8DC78}"
EndProject
Project("{FAE04EC0-301F-11D3-BF4B-00C04F79EFBC}") = "Library.Api", "Library.Api\Library.Api.csproj", "{EA1DB954-3B4C-4092-95EE-9F5CCAE1ED39}"
EndProject
Project("{FAE04EC0-301F-11D3-BF4B-00C04F79EFBC}") = "Library.Worker", "Library.Worker\Library.Worker.csproj", "{7A658565-E69F-479F-8FB7-10A5BEDBD31B}"
EndProject
Project("{FAE04EC0-301F-11D3-BF4B-00C04F79EFBC}") = "Library.Domain.Tests", "Library.Domain.Tests\Library.Domain.Tests.csproj", "{D70E514B-5466-49A8-B4DE-CBAA8570926F}"
EndProject
Project("{FAE04EC0-301F-11D3-BF4B-00C04F79EFBC}") = "Library.Application.Tests", "Library.Application.Tests\Library.Application.Tests.csproj", "{E2F2C601-9E5D-4477-B2EB-574F4ECB5DF7}"
EndProject
Project("{FAE04EC0-301F-11D3-BF4B-00C04F79EFBC}") = "Library.Infrastructure.Tests", "Library.Infrastructure.Tests\Library.Infrastructure.Tests.csproj", "{FE78E189-EFC0-490B-A180-E12B06AEFA41}"
EndProject
Global
	GlobalSection(SolutionConfigurationPlatforms) = preSolution
		Debug|Any CPU = Debug|Any CPU
		Debug|x64 = Debug|x64
		Debug|x86 = Debug|x86
		Release|Any CPU = Release|Any CPU
		Release|x64 = Release|x64
		Release|x86 = Release|x86
	EndGlobalSection
	GlobalSection(ProjectConfigurationPlatforms) = postSolution
		{09AE3283-1BCE-49FF-AE60-710399829864}.Debug|Any CPU.ActiveCfg = Debug|Any CPU
		{09AE3283-1BCE-49FF-AE60-710399829864}.Debug|Any CPU.Build.0 = Debug|Any CPU
		{09AE3283-1BCE-49FF-AE60-710399829864}.Debug|x64.ActiveCfg = Debug|Any CPU
		{09AE3283-1BCE-49FF-AE60-710399829864}.Debug|x64.Build.0 = Debug|Any CPU
		{09AE3283-1BCE-49FF-AE60-710399829864}.Debug|x86.ActiveCfg = Debug|Any CPU
		{09AE3283-1BCE-49FF-AE60-710399829864}.Debug|x86.Build.0 = Debug|Any CPU
		{09AE3283-1BCE-49FF-AE60-710399829864}.Release|Any CPU.ActiveCfg = Release|Any CPU
		{09AE3283-1BCE-49FF-AE60-710399829864}.Release|Any CPU.Build.0 = Release|Any CPU
		{09AE3283-1BCE-49FF-AE60-710399829864}.Release|x64.ActiveCfg = Release|Any CPU
		{09AE3283-1BCE-49FF-AE60-710399829864}.Release|x64.Build.0 = Release|Any CPU
		{09AE3283-1BCE-49FF-AE60-710399829864}.Release|x86.ActiveCfg = Release|Any CPU
		{09AE3283-1BCE-49FF-AE60-710399829864}.Release|x86.Build.0 = Release|Any CPU
		{483F61B7-8DE3-4213-8AFA-80F990C7BFB9}.Debug|Any CPU.ActiveCfg = Debug|Any CPU
		{483F61B7-8DE3-4213-8AFA-80F990C7BFB9}.Debug|Any CPU.Build.0 = Debug|Any CPU
		{483F61B7-8DE3-4213-8AFA-80F990C7BFB9}.Debug|x64.ActiveCfg = Debug|Any CPU
		{483F61B7-8DE3-4213-8AFA-80F990C7BFB9}.Debug|x64.Build.0 = Debug|Any CPU
		{483F61B7-8DE3-4213-8AFA-80F990C7BFB9}.Debug|x86.ActiveCfg = Debug|Any CPU
		{483F61B7-8DE3-4213-8AFA-80F990C7BFB9}.Debug|x86.Build.0 = Debug|Any CPU
		{483F61B7-8DE3-4213-8AFA-80F990C7BFB9}.Release|Any CPU.ActiveCfg = Release|Any CPU
		{483F61B7-8DE3-4213-8AFA-80F990C7BFB9}.Release|Any CPU.Build.0 = Release|Any CPU
		{483F61B7-8DE3-4213-8AFA-80F990C7BFB9}.Release|x64.ActiveCfg = Release|Any CPU
		{483F61B7-8DE3-4213-8AFA-80F990C7BFB9}.Release|x64.Build.0 = Release|Any CPU
		{483F61B7-8DE3-4213-8AFA-80F990C7BFB9}.Release|x86.ActiveCfg = Release|Any CPU
		{483F61B7-8DE3-4213-8AFA-80F990C7BFB9}.Release|x86.Build.0 = Release|Any CPU
		{726717FD-89C8-41CC-9FB3-D8F707D8DC78}.Debug|Any CPU.ActiveCfg = Debug|Any CPU
		{726717FD-89C8-41CC-9FB3-D8F707D8DC78}.Debug|Any CPU.Build.0 = Debug|Any CPU
		{726717FD-89C8-41CC-9FB3-D8F707D8DC78}.Debug|x64.ActiveCfg = Debug|Any CPU
		{726717FD-89C8-41CC-9FB3-D8F707D8DC78}.Debug|x64.Build.0 = Debug|Any CPU
		{726717FD-89C8-41CC-9FB3-D8F707D8DC78}.Debug|x86.ActiveCfg = Debug|Any CPU
		{726717FD-89C8-41CC-9FB3-D8F707D8DC78}.Debug|x86.Build.0 = Debug|Any CPU
		{726717FD-89C8-41CC-9FB3-D8F707D8DC78}.Release|Any CPU.ActiveCfg = Release|Any CPU
		{726717FD-89C8-41CC-9FB3-D8F707D8DC78}.Release|Any CPU.Build.0 = Release|Any CPU
		{726717FD-89C8-41CC-9FB3-D8F707D8DC78}.Release|x64.ActiveCfg = Release|Any CPU
		{726717FD-89C8-41CC-9FB3-D8F707D8DC78}.Release|x64.Build.0 = Release|Any CPU
		{726717FD-89C8-41CC-9FB3-D8F707D8DC78}.Release|x86.ActiveCfg = Release|Any CPU
		{726717FD-89C8-41CC-9FB3-D8F707D8DC78}.Release|x86.Build.0 = Release|Any CPU
		{EA1DB954-3B4C-4092-95EE-9F5CCAE1ED39}.Debug|Any CPU.ActiveCfg = Debug|Any CPU
		{EA1DB954-3B4C-4092-95EE-9F5CCAE1ED39}.Debug|Any CPU.Build.0 = Debug|Any CPU
		{EA1DB954-3B4C-4092-95EE-9F5CCAE1ED39}.Debug|x64.ActiveCfg = Debug|Any CPU
		{EA1DB954-3B4C-4092-95EE-9F5CCAE1ED39}.Debug|x64.Build.0 = Debug|Any CPU
		{EA1DB954-3B4C-4092-95EE-9F5CCAE1ED39}.Debug|x86.ActiveCfg = Debug|Any CPU
		{EA1DB954-3B4C-4092-95EE-9F5CCAE1ED39}.Debug|x86.Build.0 = Debug|Any CPU
		{EA1DB954-3B4C-4092-95EE-9F5CCAE1ED39}.Release|Any CPU.ActiveCfg = Release|Any CPU
		{EA1DB954-3B4C-4092-95EE-9F5CCAE1ED39}.Release|Any CPU.Build.0 = Release|Any CPU
		{EA1DB954-3B4C-4092-95EE-9F5CCAE1ED39}.Release|x64.ActiveCfg = Release|Any CPU
		{EA1DB954-3B4C-4092-95EE-9F5CCAE1ED39}.Release|x64.Build.0 = Release|Any CPU
		{EA1DB954-3B4C-4092-95EE-9F5CCAE1ED39}.Release|x86.ActiveCfg = Release|Any CPU
		{EA1DB954-3B4C-4092-95EE-9F5CCAE1ED39}.Release|x86.Build.0 = Release|Any CPU
		{7A658565-E69F-479F-8FB7-10A5BEDBD31B}.Debug|Any CPU.ActiveCfg = Debug|Any CPU
		{7A658565-E69F-479F-8FB7-10A5BEDBD31B}.Debug|Any CPU.Build.0 = Debug|Any CPU
		{7A658565-E69F-479F-8FB7-10A5BEDBD31B}.Debug|x64.ActiveCfg = Debug|Any CPU
		{7A658565-E69F-479F-8FB7-10A5BEDBD31B}.Debug|x64.Build.0 = Debug|Any CPU
		{7A658565-E69F-479F-8FB7-10A5BEDBD31B}.Debug|x86.ActiveCfg = Debug|Any CPU
		{7A658565-E69F-479F-8FB7-10A5BEDBD31B}.Debug|x86.Build.0 = Debug|Any CPU
		{7A658565-E69F-479F-8FB7-10A5BEDBD31B}.Release|Any CPU.ActiveCfg = Release|Any CPU
		{7A658565-E69F-479F-8FB7-10A5BEDBD31B}.Release|Any CPU.Build.0 = Release|Any CPU
		{7A658565-E69F-479F-8FB7-10A5BEDBD31B}.Release|x64.ActiveCfg = Release|Any CPU
		{7A658565-E69F-479F-8FB7-10A5BEDBD31B}.Release|x64.Build.0 = Release|Any CPU
		{7A658565-E69F-479F-8FB7-10A5BEDBD31B}.Release|x86.ActiveCfg = Release|Any CPU
		{7A658565-E69F-479F-8FB7-10A5BEDBD31B}.Release|x86.Build.0 = Release|Any CPU
		{D70E514B-5466-49A8-B4DE-CBAA8570926F}.Debug|Any CPU.ActiveCfg = Debug|Any CPU
		{D70E514B-5466-49A8-B4DE-CBAA8570926F}.Debug|Any CPU.Build.0 = Debug|Any CPU
		{D70E514B-5466-49A8-B4DE-CBAA8570926F}.Debug|x64.ActiveCfg = Debug|Any CPU
		{D70E514B-5466-49A8-B4DE-CBAA8570926F}.Debug|x64.Build.0 = Debug|Any CPU
		{D70E514B-5466-49A8-B4DE-CBAA8570926F}.Debug|x86.ActiveCfg = Debug|Any CPU
		{D70E514B-5466-49A8-B4DE-CBAA8570926F}.Debug|x86.Build.0 = Debug|Any CPU
		{D70E514B-5466-49A8-B4DE-CBAA8570926F}.Release|Any CPU.ActiveCfg = Release|Any CPU
		{D70E514B-5466-49A8-B4DE-CBAA8570926F}.Release|Any CPU.Build.0 = Release|Any CPU
		{D70E514B-5466-49A8-B4DE-CBAA8570926F}.Release|x64.ActiveCfg = Release|Any CPU
		{D70E514B-5466-49A8-B4DE-CBAA8570926F}.Release|x64.Build.0 = Release|Any CPU
		{D70E514B-5466-49A8-B4DE-CBAA8570926F}.Release|x86.ActiveCfg = Release|Any CPU
		{D70E514B-5466-49A8-B4DE-CBAA8570926F}.Release|x86.Build.0 = Release|Any CPU
		{E2F2C601-9E5D-4477-B2EB-574F4ECB5DF7}.Debug|Any CPU.ActiveCfg = Debug|Any CPU
		{E2F2C601-9E5D-4477-B2EB-574F4ECB5DF7}.Debug|Any CPU.Build.0 = Debug|Any CPU
		{E2F2C601-9E5D-4477-B2EB-574F4ECB5DF7}.Debug|x64.ActiveCfg = Debug|Any CPU
		{E2F2C601-9E5D-4477-B2EB-574F4ECB5DF7}.Debug|x64.Build.0 = Debug|Any CPU
		{E2F2C601-9E5D-4477-B2EB-574F4ECB5DF7}.Debug|x86.ActiveCfg = Debug|Any CPU
		{E2F2C601-9E5D-4477-B2EB-574F4ECB5DF7}.Debug|x86.Build.0 = Debug|Any CPU
		{E2F2C601-9E5D-4477-B2EB-574F4ECB5DF7}.Release|Any CPU.ActiveCfg = Release|Any CPU
		{E2F2C601-9E5D-4477-B2EB-574F4ECB5DF7}.Release|Any CPU.Build.0 = Release|Any CPU
		{E2F2C601-9E5D-4477-B2EB-574F4ECB5DF7}.Release|x64.ActiveCfg = Release|Any CPU
		{E2F2C601-9E5D-4477-B2EB-574F4ECB5DF7}.Release|x64.Build.0 = Release|Any CPU
		{E2F2C601-9E5D-4477-B2EB-574F4ECB5DF7}.Release|x86.ActiveCfg = Release|Any CPU
		{E2F2C601-9E5D-4477-B2EB-574F4ECB5DF7}.Release|x86.Build.0 = Release|Any CPU
		{FE78E189-EFC0-490B-A180-E12B06AEFA41}.Debug|Any CPU.ActiveCfg = Debug|Any CPU
		{FE78E189-EFC0-490B-A180-E12B06AEFA41}.Debug|Any CPU.Build.0 = Debug|Any CPU
		{FE78E189-EFC0-490B-A180-E12B06AEFA41}.Debug|x64.ActiveCfg = Debug|Any CPU
		{FE78E189-EFC0-490B-A180-E12B06AEFA41}.Debug|x64.Build.0 = Debug|Any CPU
		{FE78E189-EFC0-490B-A180-E12B06AEFA41}.Debug|x86.ActiveCfg = Debug|Any CPU
		{FE78E189-EFC0-490B-A180-E12B06AEFA41}.Debug|x86.Build.0 = Debug|Any CPU
		{FE78E189-EFC0-490B-A180-E12B06AEFA41}.Release|Any CPU.ActiveCfg = Release|Any CPU
		{FE78E189-EFC0-490B-A180-E12B06AEFA41}.Release|Any CPU.Build.0 = Release|Any CPU
		{FE78E189-EFC0-490B-A180-E12B06AEFA41}.Release|x64.ActiveCfg = Release|Any CPU
		{FE78E189-EFC0-490B-A180-E12B06AEFA41}.Release|x64.Build.0 = Release|Any CPU
		{FE78E189-EFC0-490B-A180-E12B06AEFA41}.Release|x86.ActiveCfg = Release|Any CPU
		{FE78E189-EFC0-490B-A180-E12B06AEFA41}.Release|x86.Build.0 = Release|Any CPU
	EndGlobalSection
	GlobalSection(SolutionProperties) = preSolution
		HideSolutionNode = FALSE
	EndGlobalSection
EndGlobal
